{"lockfile-version":1,"manifest":{"hook":{"on-activate":null},"install":{"binutils":{"pkg-group":null,"pkg-path":"binutils","priority":null,"systems":null,"version":null},"gcc-unwrapped":{"pkg-group":null,"pkg-path":"gcc-unwrapped","priority":null,"systems":null,"version":null},"glibc":{"pkg-group":null,"pkg-path":"glibc","priority":null,"systems":["x86_64-linux"],"version":null},"gnumake":{"pkg-group":null,"pkg-path":"gnumake","priority":null,"systems":null,"version":null},"imagemagick":{"pkg-group":null,"pkg-path":"imagemagick","priority":null,"systems":null,"version":null},"libmysqlclient":{"pkg-group":null,"pkg-path":"libmysqlclient","priority":null,"systems":null,"version":null},"libxml2":{"pkg-group":null,"pkg-path":"libxml2","priority":null,"systems":null,"version":null},"libxslt":{"pkg-group":null,"pkg-path":"libxslt","priority":null,"systems":null,"version":null},"libyaml":{"pkg-group":null,"pkg-path":"libyaml","priority":null,"systems":null,"version":null},"openssl":{"pkg-group":null,"pkg-path":"openssl","priority":null,"systems":null,"version":null},"postgresql":{"pkg-group":null,"pkg-path":"postgresql","priority":null,"systems":null,"version":null},"ruby":{"pkg-group":null,"pkg-path":"ruby","priority":null,"systems":null,"version":null}},"options":{"allow":{"broken":null,"licenses":[],"unfree":null},"cuda-detection":null,"semver":{"allow-pre-releases":null},"systems":["aarch64-darwin","aarch64-linux","x86_64-darwin","x86_64-linux"]},"profile":{"bash":null,"common":null,"fish":null,"tcsh":null,"zsh":null},"vars":{},"version":1},"packages":[{"attr_path":"binutils","broken":false,"derivation":"/nix/store/xv4ikvyk6vn4a952pjbvsrh5gk7r900n-binutils-wrapper-2.41.drv","description":"Tools for manipulating binaries (linker, assembler, etc.) (wrapper script)","group":"toplevel","install_id":"binutils","license":"GPL-3.0-or-later","locked_url":"https://github.com/flox/nixpkgs?rev=57610d2f8f0937f39dbd72251e9614b1561942d8","name":"binutils-wrapper-2.41","outputs":{"info":"/nix/store/vg7618yk6ngsw4y3swg49cmr2i8ahdzk-binutils-wrapper-2.41-info","man":"/nix/store/f36584i0d63586kab1w15g1i665ci3kj-binutils-wrapper-2.41-man","out":"/nix/store/b287j6p3b139mx01k9azprs7sbs2hnwa-binutils-wrapper-2.41"},"outputs_to_install":["out","man"],"pname":"binutils","priority":5,"rev":"57610d2f8f0937f39dbd72251e9614b1561942d8","rev_count":633517,"rev_date":"2024-05-31T23:09:26Z","scrape_date":"2024-06-04T09:46:16Z","stabilities":["unstable"],"system":"aarch64-darwin","unfree":false,"version":"wrapper-2.41"},{"attr_path":"binutils","broken":false,"derivation":"/nix/store/1h48h0gpia9p653gvlv7i034qm1bj586-binutils-wrapper-2.41.drv","description":"Tools for manipulating binaries (linker, assembler, etc.) (wrapper script)","group":"toplevel","install_id":"binutils","license":"GPL-3.0-or-later","locked_url":"https://github.com/flox/nixpkgs?rev=57610d2f8f0937f39dbd72251e9614b1561942d8","name":"binutils-wrapper-2.41","outputs":{"info":"/nix/store/il1zh9wspnm6wwdhpchrjvvr49nmj01i-binutils-wrapper-2.41-info","man":"/nix/store/23b8b7ghpr8a6frkqp5ljgbczw04avik-binutils-wrapper-2.41-man","out":"/nix/store/5pfllkhmmdrwi5z1da1009lx128kfbbq-binutils-wrapper-2.41"},"outputs_to_install":["out","man"],"pname":"binutils","priority":5,"rev":"57610d2f8f0937f39dbd72251e9614b1561942d8","rev_count":633517,"rev_date":"2024-05-31T23:09:26Z","scrape_date":"2024-06-04T09:46:16Z","stabilities":["unstable"],"system":"aarch64-linux","unfree":false,"version":"wrapper-2.41"},{"attr_path":"binutils","broken":false,"derivation":"/nix/store/pw45a0z5blsfxc3dbdb8wy5vsxwmgg39-binutils-wrapper-2.41.drv","description":"Tools for manipulating binaries (linker, assembler, etc.) (wrapper script)","group":"toplevel","install_id":"binutils","license":"GPL-3.0-or-later","locked_url":"https://github.com/flox/nixpkgs?rev=57610d2f8f0937f39dbd72251e9614b1561942d8","name":"binutils-wrapper-2.41","outputs":{"info":"/nix/store/ygwgdnbkn9cbqc0p8ripzbjzvj8n6d0x-binutils-wrapper-2.41-info","man":"/nix/store/58xl3bzl6797n38y5alyhrhvf3cr6l09-binutils-wrapper-2.41-man","out":"/nix/store/rgssl5lri7qvz4yb8r19ws79g5j8kf9p-binutils-wrapper-2.41"},"outputs_to_install":["out","man"],"pname":"binutils","priority":5,"rev":"57610d2f8f0937f39dbd72251e9614b1561942d8","rev_count":633517,"rev_date":"2024-05-31T23:09:26Z","scrape_date":"2024-06-04T09:46:16Z","stabilities":["unstable"],"system":"x86_64-darwin","unfree":false,"version":"wrapper-2.41"},{"attr_path":"binutils","broken":false,"derivation":"/nix/store/791xby1n843szxlzzz9c37d1h93ffvqv-binutils-wrapper-2.41.drv","description":"Tools for manipulating binaries (linker, assembler, etc.) (wrapper script)","group":"toplevel","install_id":"binutils","license":"GPL-3.0-or-later","locked_url":"https://github.com/flox/nixpkgs?rev=57610d2f8f0937f39dbd72251e9614b1561942d8","name":"binutils-wrapper-2.41","outputs":{"info":"/nix/store/yf95j2n3b1mpipi3087a1a9rmnap58cs-binutils-wrapper-2.41-info","man":"/nix/store/i9a5m5xd9bpsyydnfqphh51s71bgmd3l-binutils-wrapper-2.41-man","out":"/nix/store/kln7kinji3b7sz8r50h4gn9yy6k1js9a-binutils-wrapper-2.41"},"outputs_to_install":["out","man"],"pname":"binutils","priority":5,"rev":"57610d2f8f0937f39dbd72251e9614b1561942d8","rev_count":633517,"rev_date":"2024-05-31T23:09:26Z","scrape_date":"2024-06-04T09:46:16Z","stabilities":["unstable"],"system":"x86_64-linux","unfree":false,"version":"wrapper-2.41"},{"attr_path":"gcc-unwrapped","broken":false,"derivation":"/nix/store/y6piik0l8varppmy96jz3adkwknjmxas-gcc-13.2.0.drv","description":"GNU Compiler Collection, version 13.2.0","group":"toplevel","install_id":"gcc-unwrapped","license":"GPL-3.0-or-later","locked_url":"https://github.com/flox/nixpkgs?rev=57610d2f8f0937f39dbd72251e9614b1561942d8","name":"gcc-13.2.0","outputs":{"info":"/nix/store/p3w6w5k2hj2jlp1cj59f3kssdrr4badw-gcc-13.2.0-info","lib":"/nix/store/idk54d3gjab8lsnn5qg11n4l53c14k4x-gcc-13.2.0-lib","man":"/nix/store/drv481lga8z7hj3sasb6xldxchfd51ss-gcc-13.2.0-man","out":"/nix/store/3zpcw8jcgn9vax9pq23rxdwny2z3j4n8-gcc-13.2.0"},"outputs_to_install":["out","man"],"pname":"gcc-unwrapped","priority":5,"rev":"57610d2f8f0937f39dbd72251e9614b1561942d8","rev_count":633517,"rev_date":"2024-05-31T23:09:26Z","scrape_date":"2024-06-04T09:46:16Z","stabilities":["unstable"],"system":"aarch64-darwin","unfree":false,"version":"gcc-13.2.0"},{"attr_path":"gcc-unwrapped","broken":false,"derivation":"/nix/store/14f1xsvikb46254ix1b88gadkwgszii6-gcc-13.2.0.drv","description":"GNU Compiler Collection, version 13.2.0","group":"toplevel","install_id":"gcc-unwrapped","license":"GPL-3.0-or-later","locked_url":"https://github.com/flox/nixpkgs?rev=57610d2f8f0937f39dbd72251e9614b1561942d8","name":"gcc-13.2.0","outputs":{"checksum":"/nix/store/ivf7kq88fh0dlzy0qhvj9l0ncb0zsb43-gcc-13.2.0-checksum","info":"/nix/store/ka2jdx4j6gybd6jn27rx7clzw2w4gvcs-gcc-13.2.0-info","lib":"/nix/store/66qm2gvcb3img7faxli0jv10dahg61qa-gcc-13.2.0-lib","libgcc":"/nix/store/4ik4dws0cfl45aj6qv9kk50q8wnxzzvy-gcc-13.2.0-libgcc","man":"/nix/store/n7f5vg0d1mcc7lxz5lgh5ga0yzy1f4mn-gcc-13.2.0-man","out":"/nix/store/i9w3plvhpwk8x37i5dwqxlfp0knv2zcj-gcc-13.2.0"},"outputs_to_install":["out","man"],"pname":"gcc-unwrapped","priority":5,"rev":"57610d2f8f0937f39dbd72251e9614b1561942d8","rev_count":633517,"rev_date":"2024-05-31T23:09:26Z","scrape_date":"2024-06-04T09:46:16Z","stabilities":["unstable"],"system":"aarch64-linux","unfree":false,"version":"gcc-13.2.0"},{"attr_path":"gcc-unwrapped","broken":false,"derivation":"/nix/store/jlk62pmyb0h51f1sr321dsn0kblm73fx-gcc-13.2.0.drv","description":"GNU Compiler Collection, version 13.2.0","group":"toplevel","install_id":"gcc-unwrapped","license":"GPL-3.0-or-later","locked_url":"https://github.com/flox/nixpkgs?rev=57610d2f8f0937f39dbd72251e9614b1561942d8","name":"gcc-13.2.0","outputs":{"info":"/nix/store/xj6smz14xzlycwvr28mxgnshhr88zzmc-gcc-13.2.0-info","lib":"/nix/store/nrg2s6ksq3zy9sm0x28gf7yi7s3hbxfn-gcc-13.2.0-lib","man":"/nix/store/p65rdhzc3ww2cm6gxzdi32zyc12ikglc-gcc-13.2.0-man","out":"/nix/store/xpfvrsjd3bfikmpnnl0jxgq1016n00n4-gcc-13.2.0"},"outputs_to_install":["out","man"],"pname":"gcc-unwrapped","priority":5,"rev":"57610d2f8f0937f39dbd72251e9614b1561942d8","rev_count":633517,"rev_date":"2024-05-31T23:09:26Z","scrape_date":"2024-06-04T09:46:16Z","stabilities":["unstable"],"system":"x86_64-darwin","unfree":false,"version":"gcc-13.2.0"},{"attr_path":"gcc-unwrapped","broken":false,"derivation":"/nix/store/k2mw2sd49ns63gnl6hlbi5za2pcg836a-gcc-13.2.0.drv","description":"GNU Compiler Collection, version 13.2.0","group":"toplevel","install_id":"gcc-unwrapped","license":"GPL-3.0-or-later","locked_url":"https://github.com/flox/nixpkgs?rev=57610d2f8f0937f39dbd72251e9614b1561942d8","name":"gcc-13.2.0","outputs":{"checksum":"/nix/store/q6bqv2i2hzwavf5hqcs2lhkwhqvaw8fh-gcc-13.2.0-checksum","info":"/nix/store/02pn0mzkyiri50fhg644qgh7f1drixql-gcc-13.2.0-info","lib":"/nix/store/xvzz97yk73hw03v5dhhz3j47ggwf1yq1-gcc-13.2.0-lib","libgcc":"/nix/store/0rxb3ixzk4zaqivc9s795m0a3679wbw2-gcc-13.2.0-libgcc","man":"/nix/store/66vw93cxjdsjf2chigxcy67iq1qvyv3s-gcc-13.2.0-man","out":"/nix/store/14c6s4xzhy14i2b05s00rjns2j93gzz4-gcc-13.2.0"},"outputs_to_install":["out","man"],"pname":"gcc-unwrapped","priority":5,"rev":"57610d2f8f0937f39dbd72251e9614b1561942d8","rev_count":633517,"rev_date":"2024-05-31T23:09:26Z","scrape_date":"2024-06-04T09:46:16Z","stabilities":["unstable"],"system":"x86_64-linux","unfree":false,"version":"gcc-13.2.0"},{"attr_path":"glibc","broken":false,"derivation":"/nix/store/giq55ck4qbyhjak92g7qi60r7yy8a2mc-glibc-2.39-52.drv","description":"The GNU C Library","group":"toplevel","install_id":"glibc","license":"LGPL-2.0-or-later","locked_url":"https://github.com/flox/nixpkgs?rev=57610d2f8f0937f39dbd72251e9614b1561942d8","name":"glibc-2.39-52","outputs":{"bin":"/nix/store/c2i631h8i5vcs1sqifwxfsazhwrg6wr5-glibc-2.39-52-bin","debug":"/nix/store/34f1yi6gg84yg0bvapbjhls9q9pvcmzm-glibc-2.39-52-debug","dev":"/nix/store/fwh4fxd747m0py3ib3s5abamia9nrf90-glibc-2.39-52-dev","getent":"/nix/store/ggsvk22xykxpsqznqipvr6lfl31qzslg-glibc-2.39-52-getent","out":"/nix/store/k7zgvzp2r31zkg9xqgjim7mbknryv6bs-glibc-2.39-52","static":"/nix/store/bpqw3qzqyr5msyxmg7b5m8nj13b1iyj0-glibc-2.39-52-static"},"outputs_to_install":["bin"],"pname":"glibc","priority":5,"rev":"57610d2f8f0937f39dbd72251e9614b1561942d8","rev_count":633517,"rev_date":"2024-05-31T23:09:26Z","scrape_date":"2024-06-04T09:46:16Z","stabilities":["unstable"],"system":"x86_64-linux","unfree":false,"version":"2.39-52"},{"attr_path":"gnumake","broken":false,"derivation":"/nix/store/sbzx2qj981aswcyw3pycp3rmajqniqvm-gnumake-4.4.1.drv","description":"A tool to control the generation of non-source files from sources","group":"toplevel","install_id":"gnumake","license":"GPL-3.0-or-later","locked_url":"https://github.com/flox/nixpkgs?rev=57610d2f8f0937f39dbd72251e9614b1561942d8","name":"gnumake-4.4.1","outputs":{"info":"/nix/store/8hbz6gxh8vgchyg9z7jbmyaw0hv6y539-gnumake-4.4.1-info","man":"/nix/store/a2hmprcsm0ipakq0yz2r7h6daqhcz445-gnumake-4.4.1-man","out":"/nix/store/ka4fg0rm5hmaji7vwnvzk4qg4dhksg7v-gnumake-4.4.1"},"outputs_to_install":["out","man"],"pname":"gnumake","priority":5,"rev":"57610d2f8f0937f39dbd72251e9614b1561942d8","rev_count":633517,"rev_date":"2024-05-31T23:09:26Z","scrape_date":"2024-06-04T09:46:16Z","stabilities":["unstable"],"system":"aarch64-darwin","unfree":false,"version":"4.4.1"},{"attr_path":"gnumake","broken":false,"derivation":"/nix/store/biw3f03yfpjla91pswhhmhndjfnyxljh-gnumake-4.4.1.drv","description":"A tool to control the generation of non-source files from sources","group":"toplevel","install_id":"gnumake","license":"GPL-3.0-or-later","locked_url":"https://github.com/flox/nixpkgs?rev=57610d2f8f0937f39dbd72251e9614b1561942d8","name":"gnumake-4.4.1","outputs":{"debug":"/nix/store/lkfj5vraqq622jyrh4x2jj0kgn86a01l-gnumake-4.4.1-debug","info":"/nix/store/yg3xvpd69y89ca1mvv7mf3y5vb3zyhqn-gnumake-4.4.1-info","man":"/nix/store/yvvypigpwqbhyx5lff26nbskwgdr4nvv-gnumake-4.4.1-man","out":"/nix/store/iwq1ln8bq25bgvmkjlk65cnclijrhw5z-gnumake-4.4.1"},"outputs_to_install":["out","man"],"pname":"gnumake","priority":5,"rev":"57610d2f8f0937f39dbd72251e9614b1561942d8","rev_count":633517,"rev_date":"2024-05-31T23:09:26Z","scrape_date":"2024-06-04T09:46:16Z","stabilities":["unstable"],"system":"aarch64-linux","unfree":false,"version":"4.4.1"},{"attr_path":"gnumake","broken":false,"derivation":"/nix/store/ygqz2r5q6i3400mvmwyky169ygryab2f-gnumake-4.4.1.drv","description":"A tool to control the generation of non-source files from sources","group":"toplevel","install_id":"gnumake","license":"GPL-3.0-or-later","locked_url":"https://github.com/flox/nixpkgs?rev=57610d2f8f0937f39dbd72251e9614b1561942d8","name":"gnumake-4.4.1","outputs":{"info":"/nix/store/d6phnzw389kgq96ip647qgc68v2ihkva-gnumake-4.4.1-info","man":"/nix/store/g4cymnx5yzingpj655479ar237z1nyhp-gnumake-4.4.1-man","out":"/nix/store/s75wgqmhf2hspdx1n99g7nc035npfyr0-gnumake-4.4.1"},"outputs_to_install":["out","man"],"pname":"gnumake","priority":5,"rev":"57610d2f8f0937f39dbd72251e9614b1561942d8","rev_count":633517,"rev_date":"2024-05-31T23:09:26Z","scrape_date":"2024-06-04T09:46:16Z","stabilities":["unstable"],"system":"x86_64-darwin","unfree":false,"version":"4.4.1"},{"attr_path":"gnumake","broken":false,"derivation":"/nix/store/rcv47cyjhszzd3shx5m38d7psj0m6l87-gnumake-4.4.1.drv","description":"A tool to control the generation of non-source files from sources","group":"toplevel","install_id":"gnumake","license":"GPL-3.0-or-later","locked_url":"https://github.com/flox/nixpkgs?rev=57610d2f8f0937f39dbd72251e9614b1561942d8","name":"gnumake-4.4.1","outputs":{"debug":"/nix/store/gl5bk8d2s02nmml60a79d79nckg3a4p4-gnumake-4.4.1-debug","info":"/nix/store/c2cfw4ry3hbf5c7njz5l0931hbliizb8-gnumake-4.4.1-info","man":"/nix/store/5njqh28sz9i18bklrcxf6lfd91pwi8p7-gnumake-4.4.1-man","out":"/nix/store/y9mnxlhj1hda3b75j0hbx80gqfaysvfh-gnumake-4.4.1"},"outputs_to_install":["out","man"],"pname":"gnumake","priority":5,"rev":"57610d2f8f0937f39dbd72251e9614b1561942d8","rev_count":633517,"rev_date":"2024-05-31T23:09:26Z","scrape_date":"2024-06-04T09:46:16Z","stabilities":["unstable"],"system":"x86_64-linux","unfree":false,"version":"4.4.1"},{"attr_path":"imagemagick","broken":false,"derivation":"/nix/store/i2mh13imz225g9aspjnkxs9klg7jx6mj-imagemagick-7.1.1-32.drv","description":"A software suite to create, edit, compose, or convert bitmap images","group":"toplevel","install_id":"imagemagick","license":"Apache-2.0","locked_url":"https://github.com/flox/nixpkgs?rev=57610d2f8f0937f39dbd72251e9614b1561942d8","name":"imagemagick-7.1.1-32","outputs":{"dev":"/nix/store/phq5jyq2m9sj2q16i9ig27838wr9vlra-imagemagick-7.1.1-32-dev","doc":"/nix/store/g9apic9rxyab3w9imwpnqd9kk0a5qwqv-imagemagick-7.1.1-32-doc","out":"/nix/store/rwxlnia132w0g8qwss573r2fv7mnc0hi-imagemagick-7.1.1-32"},"outputs_to_install":["out"],"pname":"imagemagick","priority":5,"rev":"57610d2f8f0937f39dbd72251e9614b1561942d8","rev_count":633517,"rev_date":"2024-05-31T23:09:26Z","scrape_date":"2024-06-04T09:46:16Z","stabilities":["unstable"],"system":"aarch64-darwin","unfree":false,"version":"7.1.1-32"},{"attr_path":"imagemagick","broken":false,"derivation":"/nix/store/khx7bh9jjc8q62s4q9ih68rn6wljmy5i-imagemagick-7.1.1-32.drv","description":"A software suite to create, edit, compose, or convert bitmap images","group":"toplevel","install_id":"imagemagick","license":"Apache-2.0","locked_url":"https://github.com/flox/nixpkgs?rev=57610d2f8f0937f39dbd72251e9614b1561942d8","name":"imagemagick-7.1.1-32","outputs":{"dev":"/nix/store/vyqnbld6pzh8ay6i2gb6zqyz3hgpwlyp-imagemagick-7.1.1-32-dev","doc":"/nix/store/asj940dg7cw9bj1v0z63w823rx94gmir-imagemagick-7.1.1-32-doc","out":"/nix/store/gar17r0dp2i0a090d0jrrhzgiqz1wy79-imagemagick-7.1.1-32"},"outputs_to_install":["out"],"pname":"imagemagick","priority":5,"rev":"57610d2f8f0937f39dbd72251e9614b1561942d8","rev_count":633517,"rev_date":"2024-05-31T23:09:26Z","scrape_date":"2024-06-04T09:46:16Z","stabilities":["unstable"],"system":"aarch64-linux","unfree":false,"version":"7.1.1-32"},{"attr_path":"imagemagick","broken":false,"derivation":"/nix/store/yf9j852rx4syawbvwp9q5hl3bm49ib89-imagemagick-7.1.1-32.drv","description":"A software suite to create, edit, compose, or convert bitmap images","group":"toplevel","install_id":"imagemagick","license":"Apache-2.0","locked_url":"https://github.com/flox/nixpkgs?rev=57610d2f8f0937f39dbd72251e9614b1561942d8","name":"imagemagick-7.1.1-32","outputs":{"dev":"/nix/store/8ylkv5nk7n9hbk9vlycqjc30p30apapw-imagemagick-7.1.1-32-dev","doc":"/nix/store/ph60brnm3gd8djfyrbnmr7xbl0ri7xqi-imagemagick-7.1.1-32-doc","out":"/nix/store/y0zlpb0pqg647qva3l0gw24znl29zbbs-imagemagick-7.1.1-32"},"outputs_to_install":["out"],"pname":"imagemagick","priority":5,"rev":"57610d2f8f0937f39dbd72251e9614b1561942d8","rev_count":633517,"rev_date":"2024-05-31T23:09:26Z","scrape_date":"2024-06-04T09:46:16Z","stabilities":["unstable"],"system":"x86_64-darwin","unfree":false,"version":"7.1.1-32"},{"attr_path":"imagemagick","broken":false,"derivation":"/nix/store/v2pwmbs7cfb9dwvnwfm02m84918b6fws-imagemagick-7.1.1-32.drv","description":"A software suite to create, edit, compose, or convert bitmap images","group":"toplevel","install_id":"imagemagick","license":"Apache-2.0","locked_url":"https://github.com/flox/nixpkgs?rev=57610d2f8f0937f39dbd72251e9614b1561942d8","name":"imagemagick-7.1.1-32","outputs":{"dev":"/nix/store/jfkrcg2xv4b2jlls4cl4qnw124c18bf6-imagemagick-7.1.1-32-dev","doc":"/nix/store/66ma6kbadfqwrhnihkhv7lg57qlkyjm4-imagemagick-7.1.1-32-doc","out":"/nix/store/1izdxwml9nsifjrh53rdfiglhjmrnx2s-imagemagick-7.1.1-32"},"outputs_to_install":["out"],"pname":"imagemagick","priority":5,"rev":"57610d2f8f0937f39dbd72251e9614b1561942d8","rev_count":633517,"rev_date":"2024-05-31T23:09:26Z","scrape_date":"2024-06-04T09:46:16Z","stabilities":["unstable"],"system":"x86_64-linux","unfree":false,"version":"7.1.1-32"},{"attr_path":"libmysqlclient","broken":false,"derivation":"/nix/store/s29cpk5vhxsvcj1sd26sa7dhihy9wakf-mariadb-connector-c-3.3.5.drv","description":"Client library that can be used to connect to MySQL or MariaDB","group":"toplevel","install_id":"libmysqlclient","license":"LGPL-2.1-or-later","locked_url":"https://github.com/flox/nixpkgs?rev=57610d2f8f0937f39dbd72251e9614b1561942d8","name":"mariadb-connector-c-3.3.5","outputs":{"dev":"/nix/store/kgr3yccjmcjiqca25qjdish3ywz2lxxz-mariadb-connector-c-3.3.5-dev","out":"/nix/store/yv1kinxw97fh71pvrm0nph4831kykrfq-mariadb-connector-c-3.3.5"},"outputs_to_install":["out"],"pname":"libmysqlclient","priority":5,"rev":"57610d2f8f0937f39dbd72251e9614b1561942d8","rev_count":633517,"rev_date":"2024-05-31T23:09:26Z","scrape_date":"2024-06-04T09:46:16Z","stabilities":["unstable"],"system":"aarch64-darwin","unfree":false,"version":"mariadb-connector-c-3.3.5"},{"attr_path":"libmysqlclient","broken":false,"derivation":"/nix/store/lhwfsxvwyf8hd3j64326kgk1qy6iqbmz-mariadb-connector-c-3.3.5.drv","description":"Client library that can be used to connect to MySQL or MariaDB","group":"toplevel","install_id":"libmysqlclient","license":"LGPL-2.1-or-later","locked_url":"https://github.com/flox/nixpkgs?rev=57610d2f8f0937f39dbd72251e9614b1561942d8","name":"mariadb-connector-c-3.3.5","outputs":{"dev":"/nix/store/m6a4lc3xzp89x5jir0f0ak7lhg72p0ha-mariadb-connector-c-3.3.5-dev","out":"/nix/store/9x0gk8sjzk6s7p8d7icp6b9bwpb6c228-mariadb-connector-c-3.3.5"},"outputs_to_install":["out"],"pname":"libmysqlclient","priority":5,"rev":"57610d2f8f0937f39dbd72251e9614b1561942d8","rev_count":633517,"rev_date":"2024-05-31T23:09:26Z","scrape_date":"2024-06-04T09:46:16Z","stabilities":["unstable"],"system":"aarch64-linux","unfree":false,"version":"mariadb-connector-c-3.3.5"},{"attr_path":"libmysqlclient","broken":false,"derivation":"/nix/store/v7hjsgyi4b67izg0zr53bz32x4ggxsn3-mariadb-connector-c-3.3.5.drv","description":"Client library that can be used to connect to MySQL or MariaDB","group":"toplevel","install_id":"libmysqlclient","license":"LGPL-2.1-or-later","locked_url":"https://github.com/flox/nixpkgs?rev=57610d2f8f0937f39dbd72251e9614b1561942d8","name":"mariadb-connector-c-3.3.5","outputs":{"dev":"/nix/store/3zrn20alr5nyrqbw4ck4rmh7vdalxyn2-mariadb-connector-c-3.3.5-dev","out":"/nix/store/pbsnx5n0w1gdldphd4r1dpan4akk69xb-mariadb-connector-c-3.3.5"},"outputs_to_install":["out"],"pname":"libmysqlclient","priority":5,"rev":"57610d2f8f0937f39dbd72251e9614b1561942d8","rev_count":633517,"rev_date":"2024-05-31T23:09:26Z","scrape_date":"2024-06-04T09:46:16Z","stabilities":["unstable"],"system":"x86_64-darwin","unfree":false,"version":"mariadb-connector-c-3.3.5"},{"attr_path":"libmysqlclient","broken":false,"derivation":"/nix/store/6jkngrdprvi05kd9bzi3ynyll3cvfp11-mariadb-connector-c-3.3.5.drv","description":"Client library that can be used to connect to MySQL or MariaDB","group":"toplevel","install_id":"libmysqlclient","license":"LGPL-2.1-or-later","locked_url":"https://github.com/flox/nixpkgs?rev=57610d2f8f0937f39dbd72251e9614b1561942d8","name":"mariadb-connector-c-3.3.5","outputs":{"dev":"/nix/store/fp8v5crjcvclc2wfp1ycshyhl8ir9jhd-mariadb-connector-c-3.3.5-dev","out":"/nix/store/j4v3byv2scsa3fz577y883aibmrl4b2v-mariadb-connector-c-3.3.5"},"outputs_to_install":["out"],"pname":"libmysqlclient","priority":5,"rev":"57610d2f8f0937f39dbd72251e9614b1561942d8","rev_count":633517,"rev_date":"2024-05-31T23:09:26Z","scrape_date":"2024-06-04T09:46:16Z","stabilities":["unstable"],"system":"x86_64-linux","unfree":false,"version":"mariadb-connector-c-3.3.5"},{"attr_path":"libxml2","broken":false,"derivation":"/nix/store/j5l36y0acpka1ns28l69libq9q1hlkx3-libxml2-2.12.7.drv","description":"XML parsing library for C","group":"toplevel","install_id":"libxml2","license":"MIT","locked_url":"https://github.com/flox/nixpkgs?rev=57610d2f8f0937f39dbd72251e9614b1561942d8","name":"libxml2-2.12.7","outputs":{"bin":"/nix/store/v9anjxykjpc6cl596m3w2bpbfpf83bmg-libxml2-2.12.7-bin","dev":"/nix/store/v6lzci1j1118fvx6ipmbp1sj7c5cc0kr-libxml2-2.12.7-dev","doc":"/nix/store/mx5yjazm6vyzvqhin38f3vja35ci83q8-libxml2-2.12.7-doc","out":"/nix/store/9ixx54dvqf2sj3jnzv3f1vlgl5r33qzq-libxml2-2.12.7"},"outputs_to_install":["bin"],"pname":"libxml2","priority":5,"rev":"57610d2f8f0937f39dbd72251e9614b1561942d8","rev_count":633517,"rev_date":"2024-05-31T23:09:26Z","scrape_date":"2024-06-04T09:46:16Z","stabilities":["unstable"],"system":"aarch64-darwin","unfree":false,"version":"2.12.7"},{"attr_path":"libxml2","broken":false,"derivation":"/nix/store/dn972qwwp8lhhy1aw7821qb6iv0i0i8i-libxml2-2.12.7.drv","description":"XML parsing library for C","group":"toplevel","install_id":"libxml2","license":"MIT","locked_url":"https://github.com/flox/nixpkgs?rev=57610d2f8f0937f39dbd72251e9614b1561942d8","name":"libxml2-2.12.7","outputs":{"bin":"/nix/store/310l6wphd8n526bcyi1xcfrhfrjlqw78-libxml2-2.12.7-bin","dev":"/nix/store/h3ps19pv23rmmxdjzr820lyfmx9js3ls-libxml2-2.12.7-dev","doc":"/nix/store/hwz3lr3b89ah3ip9hy617x59f44dwn6a-libxml2-2.12.7-doc","out":"/nix/store/3lh41b95f2zxdir8d6chdfblkqbmfcqn-libxml2-2.12.7","py":"/nix/store/nq9v78ssk6r8ck7y24wpw8swf38ip3qb-libxml2-2.12.7-py"},"outputs_to_install":["bin"],"pname":"libxml2","priority":5,"rev":"57610d2f8f0937f39dbd72251e9614b1561942d8","rev_count":633517,"rev_date":"2024-05-31T23:09:26Z","scrape_date":"2024-06-04T09:46:16Z","stabilities":["unstable"],"system":"aarch64-linux","unfree":false,"version":"2.12.7"},{"attr_path":"libxml2","broken":false,"derivation":"/nix/store/gx3hagibdrpp7irk6rhpf713vkscwyp2-libxml2-2.12.7.drv","description":"XML parsing library for C","group":"toplevel","install_id":"libxml2","license":"MIT","locked_url":"https://github.com/flox/nixpkgs?rev=57610d2f8f0937f39dbd72251e9614b1561942d8","name":"libxml2-2.12.7","outputs":{"bin":"/nix/store/x22wds1r90wnjqddg4cl934h5f9bq0yv-libxml2-2.12.7-bin","dev":"/nix/store/8pznqjvlvmqll53cvmk9vmv6r45xp1wx-libxml2-2.12.7-dev","doc":"/nix/store/vja3hda9smq27x7bw77mifq4k8xwkjvb-libxml2-2.12.7-doc","out":"/nix/store/j1p4830bg4l9k9k8sxb27djr364z93c5-libxml2-2.12.7"},"outputs_to_install":["bin"],"pname":"libxml2","priority":5,"rev":"57610d2f8f0937f39dbd72251e9614b1561942d8","rev_count":633517,"rev_date":"2024-05-31T23:09:26Z","scrape_date":"2024-06-04T09:46:16Z","stabilities":["unstable"],"system":"x86_64-darwin","unfree":false,"version":"2.12.7"},{"attr_path":"libxml2","broken":false,"derivation":"/nix/store/xy50qvz7bchvqxzklqkr4nzbraa4xbn3-libxml2-2.12.7.drv","description":"XML parsing library for C","group":"toplevel","install_id":"libxml2","license":"MIT","locked_url":"https://github.com/flox/nixpkgs?rev=57610d2f8f0937f39dbd72251e9614b1561942d8","name":"libxml2-2.12.7","outputs":{"bin":"/nix/store/p3109b71w6xbc9zdj2gdmdy1iri50311-libxml2-2.12.7-bin","dev":"/nix/store/37979sqc7yw9ps0c4xl9jjkhq0w1hw8b-libxml2-2.12.7-dev","doc":"/nix/store/dabzhjfaz5qlxkpj1v199pczfk73akj5-libxml2-2.12.7-doc","out":"/nix/store/kf7fzax0av9him9m4zcmbqmihh5108wq-libxml2-2.12.7","py":"/nix/store/wngxa6nb6005ww1l2r7xvd84w9akl7sc-libxml2-2.12.7-py"},"outputs_to_install":["bin"],"pname":"libxml2","priority":5,"rev":"57610d2f8f0937f39dbd72251e9614b1561942d8","rev_count":633517,"rev_date":"2024-05-31T23:09:26Z","scrape_date":"2024-06-04T09:46:16Z","stabilities":["unstable"],"system":"x86_64-linux","unfree":false,"version":"2.12.7"},{"attr_path":"libxslt","broken":false,"derivation":"/nix/store/1c21kmmfwil75w6gbcsw2vgvbyv0ryy4-libxslt-1.1.39.drv","description":"A C library and tools to do XSL transformations","group":"toplevel","install_id":"libxslt","license":"MIT","locked_url":"https://github.com/flox/nixpkgs?rev=57610d2f8f0937f39dbd72251e9614b1561942d8","name":"libxslt-1.1.39","outputs":{"bin":"/nix/store/94b8iw8nyjmqp0r5wawgx6j8jia4qisb-libxslt-1.1.39-bin","dev":"/nix/store/8ww9fq7bja7k10f6mxj600k6xrim6vj4-libxslt-1.1.39-dev","devdoc":"/nix/store/2x2s5rcbk4rg2kv4i44r1np4c40hvb5d-libxslt-1.1.39-devdoc","doc":"/nix/store/n44648gbr6kixy9m9px4jmmsqaisaz4h-libxslt-1.1.39-doc","out":"/nix/store/k68s29nr1bx64d2y9i3yrq1lw1kdxja1-libxslt-1.1.39"},"outputs_to_install":["bin"],"pname":"libxslt","priority":5,"rev":"57610d2f8f0937f39dbd72251e9614b1561942d8","rev_count":633517,"rev_date":"2024-05-31T23:09:26Z","scrape_date":"2024-06-04T09:46:16Z","stabilities":["unstable"],"system":"aarch64-darwin","unfree":false,"version":"1.1.39"},{"attr_path":"libxslt","broken":false,"derivation":"/nix/store/splsh62890q4jwcajnwxrm1ki4chsi01-libxslt-1.1.39.drv","description":"A C library and tools to do XSL transformations","group":"toplevel","install_id":"libxslt","license":"MIT","locked_url":"https://github.com/flox/nixpkgs?rev=57610d2f8f0937f39dbd72251e9614b1561942d8","name":"libxslt-1.1.39","outputs":{"bin":"/nix/store/cfcx9wga7x12nzjpj2i0nqyqwmnxqhhd-libxslt-1.1.39-bin","dev":"/nix/store/24jvcmk8hipax70zrj4hjkin0j8gnq3q-libxslt-1.1.39-dev","devdoc":"/nix/store/kc9837b8gikq2bhf6l9sp4l1c08irfdc-libxslt-1.1.39-devdoc","doc":"/nix/store/sq3gxk4bpnrgmsjkd9hm6rsv3qls13k1-libxslt-1.1.39-doc","out":"/nix/store/311zqzhl6gps8kspfprdzsqiyapmajk3-libxslt-1.1.39","py":"/nix/store/piicrzv6c26rskscf6dcnh3javxkrsag-libxslt-1.1.39-py"},"outputs_to_install":["bin"],"pname":"libxslt","priority":5,"rev":"57610d2f8f0937f39dbd72251e9614b1561942d8","rev_count":633517,"rev_date":"2024-05-31T23:09:26Z","scrape_date":"2024-06-04T09:46:16Z","stabilities":["unstable"],"system":"aarch64-linux","unfree":false,"version":"1.1.39"},{"attr_path":"libxslt","broken":false,"derivation":"/nix/store/7502r1masy5dcfq7mkh0jmnwca2vg3ng-libxslt-1.1.39.drv","description":"A C library and tools to do XSL transformations","group":"toplevel","install_id":"libxslt","license":"MIT","locked_url":"https://github.com/flox/nixpkgs?rev=57610d2f8f0937f39dbd72251e9614b1561942d8","name":"libxslt-1.1.39","outputs":{"bin":"/nix/store/m2wa6wxk6igz89kzigamrxkikyxygzk8-libxslt-1.1.39-bin","dev":"/nix/store/hksbjl1xxs6pha5vhk7bbdvs96h1hlsa-libxslt-1.1.39-dev","devdoc":"/nix/store/pvy5z80vshf6krhaphcbmh8sbawm67lg-libxslt-1.1.39-devdoc","doc":"/nix/store/6ms6bifibwycjym9x94yi7dr266qlnpn-libxslt-1.1.39-doc","out":"/nix/store/2ciswc1zfsqm97zhsh273bgv47zphjz3-libxslt-1.1.39"},"outputs_to_install":["bin"],"pname":"libxslt","priority":5,"rev":"57610d2f8f0937f39dbd72251e9614b1561942d8","rev_count":633517,"rev_date":"2024-05-31T23:09:26Z","scrape_date":"2024-06-04T09:46:16Z","stabilities":["unstable"],"system":"x86_64-darwin","unfree":false,"version":"1.1.39"},{"attr_path":"libxslt","broken":false,"derivation":"/nix/store/6q0y9wwb9ixvkilainn4qw2khr81kkwb-libxslt-1.1.39.drv","description":"A C library and tools to do XSL transformations","group":"toplevel","install_id":"libxslt","license":"MIT","locked_url":"https://github.com/flox/nixpkgs?rev=57610d2f8f0937f39dbd72251e9614b1561942d8","name":"libxslt-1.1.39","outputs":{"bin":"/nix/store/22a93z0k81k717lid10zj0zrj58k8233-libxslt-1.1.39-bin","dev":"/nix/store/jsz9hlyzm06wkaj87s8ybai6f4nxaiap-libxslt-1.1.39-dev","devdoc":"/nix/store/id8la6pik6sjfhlh47z6v6ydg187xwm4-libxslt-1.1.39-devdoc","doc":"/nix/store/5cavfp6fmy1l669cap3j24rv9lxbpcfm-libxslt-1.1.39-doc","out":"/nix/store/p8mzqfwkqqgh82mi55mviys4966c5ham-libxslt-1.1.39","py":"/nix/store/f9ajyj0v5hb7xjxdqihrbiy508sbpdly-libxslt-1.1.39-py"},"outputs_to_install":["bin"],"pname":"libxslt","priority":5,"rev":"57610d2f8f0937f39dbd72251e9614b1561942d8","rev_count":633517,"rev_date":"2024-05-31T23:09:26Z","scrape_date":"2024-06-04T09:46:16Z","stabilities":["unstable"],"system":"x86_64-linux","unfree":false,"version":"1.1.39"},{"attr_path":"libyaml","broken":false,"derivation":"/nix/store/cjy2lv2z2dvqi0dslhzza1qgw1yw2lkr-libyaml-0.2.5.drv","description":"A YAML 1.1 parser and emitter written in C","group":"toplevel","install_id":"libyaml","license":"MIT","locked_url":"https://github.com/flox/nixpkgs?rev=57610d2f8f0937f39dbd72251e9614b1561942d8","name":"libyaml-0.2.5","outputs":{"dev":"/nix/store/zpz3aba05ly1il4mb3m1df87zc5ccxkg-libyaml-0.2.5-dev","out":"/nix/store/ssmvh2brk9q9ziijybnrr1p59g9jg55y-libyaml-0.2.5"},"outputs_to_install":["out"],"pname":"libyaml","priority":5,"rev":"57610d2f8f0937f39dbd72251e9614b1561942d8","rev_count":633517,"rev_date":"2024-05-31T23:09:26Z","scrape_date":"2024-06-04T09:46:16Z","stabilities":["unstable"],"system":"aarch64-darwin","unfree":false,"version":"0.2.5"},{"attr_path":"libyaml","broken":false,"derivation":"/nix/store/inri1lg2bvma8qwn50hxc2sx5sspyrr5-libyaml-0.2.5.drv","description":"A YAML 1.1 parser and emitter written in C","group":"toplevel","install_id":"libyaml","license":"MIT","locked_url":"https://github.com/flox/nixpkgs?rev=57610d2f8f0937f39dbd72251e9614b1561942d8","name":"libyaml-0.2.5","outputs":{"dev":"/nix/store/96mjk0vc1gmk2qs5r87rmgsv4vv9w5cm-libyaml-0.2.5-dev","out":"/nix/store/xixwlrb11ykj12dg5kxbfh4b99dkhl03-libyaml-0.2.5"},"outputs_to_install":["out"],"pname":"libyaml","priority":5,"rev":"57610d2f8f0937f39dbd72251e9614b1561942d8","rev_count":633517,"rev_date":"2024-05-31T23:09:26Z","scrape_date":"2024-06-04T09:46:16Z","stabilities":["unstable"],"system":"aarch64-linux","unfree":false,"version":"0.2.5"},{"attr_path":"libyaml","broken":false,"derivation":"/nix/store/jssrrkr5gf7v3xxh9j9ish4z1zrzai6i-libyaml-0.2.5.drv","description":"A YAML 1.1 parser and emitter written in C","group":"toplevel","install_id":"libyaml","license":"MIT","locked_url":"https://github.com/flox/nixpkgs?rev=57610d2f8f0937f39dbd72251e9614b1561942d8","name":"libyaml-0.2.5","outputs":{"dev":"/nix/store/kwa30a451awbx2ixwalyd4z4iqv7jsak-libyaml-0.2.5-dev","out":"/nix/store/z5qgn9wb2ifgvj1aba705rqkd5j5ic8a-libyaml-0.2.5"},"outputs_to_install":["out"],"pname":"libyaml","priority":5,"rev":"57610d2f8f0937f39dbd72251e9614b1561942d8","rev_count":633517,"rev_date":"2024-05-31T23:09:26Z","scrape_date":"2024-06-04T09:46:16Z","stabilities":["unstable"],"system":"x86_64-darwin","unfree":false,"version":"0.2.5"},{"attr_path":"libyaml","broken":false,"derivation":"/nix/store/ipp4gm84ka9m1ag1kb1mm1m6385smm94-libyaml-0.2.5.drv","description":"A YAML 1.1 parser and emitter written in C","group":"toplevel","install_id":"libyaml","license":"MIT","locked_url":"https://github.com/flox/nixpkgs?rev=57610d2f8f0937f39dbd72251e9614b1561942d8","name":"libyaml-0.2.5","outputs":{"dev":"/nix/store/hkfqik8jkpygcpjplqphvghlrwhdhk29-libyaml-0.2.5-dev","out":"/nix/store/88k4pdqc47zv1jdzk3khibpcwl9a3y0b-libyaml-0.2.5"},"outputs_to_install":["out"],"pname":"libyaml","priority":5,"rev":"57610d2f8f0937f39dbd72251e9614b1561942d8","rev_count":633517,"rev_date":"2024-05-31T23:09:26Z","scrape_date":"2024-06-04T09:46:16Z","stabilities":["unstable"],"system":"x86_64-linux","unfree":false,"version":"0.2.5"},{"attr_path":"openssl","broken":false,"derivation":"/nix/store/78d5a4g2ql493r6x4ih49vligrb66r12-openssl-3.0.13.drv","description":"A cryptographic library that implements the SSL and TLS protocols","group":"toplevel","install_id":"openssl","license":"Apache-2.0","locked_url":"https://github.com/flox/nixpkgs?rev=57610d2f8f0937f39dbd72251e9614b1561942d8","name":"openssl-3.0.13","outputs":{"bin":"/nix/store/qammkfcl5sbj85f64qq97bdj6jv35vpb-openssl-3.0.13-bin","dev":"/nix/store/nrvc8nkjai62hypcq6fpjavclrr3c8dj-openssl-3.0.13-dev","doc":"/nix/store/356w3w5whb5gdpzjiaahryzn4sdq4j6s-openssl-3.0.13-doc","man":"/nix/store/6nfffbzfpa9mna2z7jk5bf51sc2kzz8z-openssl-3.0.13-man","out":"/nix/store/mfsjqm3yrqlmamidd4xzf8rfxm397l1k-openssl-3.0.13"},"outputs_to_install":["bin","man"],"pname":"openssl","priority":5,"rev":"57610d2f8f0937f39dbd72251e9614b1561942d8","rev_count":633517,"rev_date":"2024-05-31T23:09:26Z","scrape_date":"2024-06-04T09:46:16Z","stabilities":["unstable"],"system":"aarch64-darwin","unfree":false,"version":"3.0.13"},{"attr_path":"openssl","broken":false,"derivation":"/nix/store/7g3jyri1kp5c0gf0vks1hi1dfw51nzh5-openssl-3.0.13.drv","description":"A cryptographic library that implements the SSL and TLS protocols","group":"toplevel","install_id":"openssl","license":"Apache-2.0","locked_url":"https://github.com/flox/nixpkgs?rev=57610d2f8f0937f39dbd72251e9614b1561942d8","name":"openssl-3.0.13","outputs":{"bin":"/nix/store/84xzrrx5q8rn8x3dh7fn2rr25s950x24-openssl-3.0.13-bin","debug":"/nix/store/i1fx0wqw56xrj11xq51kpcchnlryc29d-openssl-3.0.13-debug","dev":"/nix/store/bg32md5al6phba4fq8cm7b1rjfr7ylrf-openssl-3.0.13-dev","doc":"/nix/store/znrb340r6qk5dbj1x1pg5phl43788wiz-openssl-3.0.13-doc","man":"/nix/store/amjzimaaf8646xhpglxvwcbs2hqsa50k-openssl-3.0.13-man","out":"/nix/store/5w3rfrj9k76pwjl94vld4qwn76j3b6pq-openssl-3.0.13"},"outputs_to_install":["bin","man"],"pname":"openssl","priority":5,"rev":"57610d2f8f0937f39dbd72251e9614b1561942d8","rev_count":633517,"rev_date":"2024-05-31T23:09:26Z","scrape_date":"2024-06-04T09:46:16Z","stabilities":["unstable"],"system":"aarch64-linux","unfree":false,"version":"3.0.13"},{"attr_path":"openssl","broken":false,"derivation":"/nix/store/mjfz9jydlk70pvjfh6322yr80v22pqcw-openssl-3.0.13.drv","description":"A cryptographic library that implements the SSL and TLS protocols","group":"toplevel","install_id":"openssl","license":"Apache-2.0","locked_url":"https://github.com/flox/nixpkgs?rev=57610d2f8f0937f39dbd72251e9614b1561942d8","name":"openssl-3.0.13","outputs":{"bin":"/nix/store/6lksj5594arjcm1yy3r9syzyvw2n8hqj-openssl-3.0.13-bin","dev":"/nix/store/8cg2pzqdy8yqlvbvrqydmx76wlvlkw2d-openssl-3.0.13-dev","doc":"/nix/store/m07m4ih38zj2jbn7dsrppcjgjwy6c9ss-openssl-3.0.13-doc","man":"/nix/store/ix294ys27kkn03y7rhwjfcmd67hqq3bs-openssl-3.0.13-man","out":"/nix/store/a2jji01wbmc5iibxb6ssnkc7ir9wsi7d-openssl-3.0.13"},"outputs_to_install":["bin","man"],"pname":"openssl","priority":5,"rev":"57610d2f8f0937f39dbd72251e9614b1561942d8","rev_count":633517,"rev_date":"2024-05-31T23:09:26Z","scrape_date":"2024-06-04T09:46:16Z","stabilities":["unstable"],"system":"x86_64-darwin","unfree":false,"version":"3.0.13"},{"attr_path":"openssl","broken":false,"derivation":"/nix/store/nra2r7c37bpc5x7vvhas9ypxxs1brzgd-openssl-3.0.13.drv","description":"A cryptographic library that implements the SSL and TLS protocols","group":"toplevel","install_id":"openssl","license":"Apache-2.0","locked_url":"https://github.com/flox/nixpkgs?rev=57610d2f8f0937f39dbd72251e9614b1561942d8","name":"openssl-3.0.13","outputs":{"bin":"/nix/store/qannz09m66qpcy3ny1f4nkl4ql0g71ks-openssl-3.0.13-bin","debug":"/nix/store/vrkxygip635wv4m91b89vbr7hbfih52c-openssl-3.0.13-debug","dev":"/nix/store/191vca5vdxdlr32k2hpzd66mic98930f-openssl-3.0.13-dev","doc":"/nix/store/fq20cpxp7bgx9xlc4hq3l99k7r4w4m4p-openssl-3.0.13-doc","man":"/nix/store/sss9pw9l1prvc0a1b01ycrn0xwxxvh3x-openssl-3.0.13-man","out":"/nix/store/gp504m4dvw5k2pdx6pccf1km79fkcwgf-openssl-3.0.13"},"outputs_to_install":["bin","man"],"pname":"openssl","priority":5,"rev":"57610d2f8f0937f39dbd72251e9614b1561942d8","rev_count":633517,"rev_date":"2024-05-31T23:09:26Z","scrape_date":"2024-06-04T09:46:16Z","stabilities":["unstable"],"system":"x86_64-linux","unfree":false,"version":"3.0.13"},{"attr_path":"postgresql","broken":false,"derivation":"/nix/store/nnrbz0yfpgmjyplsnjyi76i4vy954shh-postgresql-15.7.drv","description":"A powerful, open source object-relational database system","group":"toplevel","install_id":"postgresql","license":"PostgreSQL","locked_url":"https://github.com/flox/nixpkgs?rev=57610d2f8f0937f39dbd72251e9614b1561942d8","name":"postgresql-15.7","outputs":{"doc":"/nix/store/yngqpn9iw1piif3wz3yvd3faw03r6jlg-postgresql-15.7-doc","lib":"/nix/store/kcmpv21v5w40lbcmiw9yr6yns16djavy-postgresql-15.7-lib","man":"/nix/store/rgc065pnwami7m7l88md33mg7y25rbx9-postgresql-15.7-man","out":"/nix/store/m29niq99rcvrm320ry4mwmcwppqxx00r-postgresql-15.7"},"outputs_to_install":["out","man"],"pname":"postgresql","priority":5,"rev":"57610d2f8f0937f39dbd72251e9614b1561942d8","rev_count":633517,"rev_date":"2024-05-31T23:09:26Z","scrape_date":"2024-06-04T09:46:16Z","stabilities":["unstable"],"system":"aarch64-darwin","unfree":false,"version":"15.7"},{"attr_path":"postgresql","broken":false,"derivation":"/nix/store/8rybchi4c2b2i957853457h33h971ypk-postgresql-15.7.drv","description":"A powerful, open source object-relational database system","group":"toplevel","install_id":"postgresql","license":"PostgreSQL","locked_url":"https://github.com/flox/nixpkgs?rev=57610d2f8f0937f39dbd72251e9614b1561942d8","name":"postgresql-15.7","outputs":{"debug":"/nix/store/7zb7d8akwd3g88004v7rvl86b5r5j890-postgresql-15.7-debug","doc":"/nix/store/wdf2nkg1h9z01yl9wyi9mhyg9fg2ynq2-postgresql-15.7-doc","lib":"/nix/store/n44yy72rl2p55siz4h2f6csi6n5ki76a-postgresql-15.7-lib","man":"/nix/store/307zkn7b2pqfr7fbvrw48r8acdi490by-postgresql-15.7-man","out":"/nix/store/dak013fyb7q7a5zp4k8f8id2icd1nb4j-postgresql-15.7"},"outputs_to_install":["out","man"],"pname":"postgresql","priority":5,"rev":"57610d2f8f0937f39dbd72251e9614b1561942d8","rev_count":633517,"rev_date":"2024-05-31T23:09:26Z","scrape_date":"2024-06-04T09:46:16Z","stabilities":["unstable"],"system":"aarch64-linux","unfree":false,"version":"15.7"},{"attr_path":"postgresql","broken":false,"derivation":"/nix/store/2l4k4ayqipljvpff7xfx5m5bckxfvg20-postgresql-15.7.drv","description":"A powerful, open source object-relational database system","group":"toplevel","install_id":"postgresql","license":"PostgreSQL","locked_url":"https://github.com/flox/nixpkgs?rev=57610d2f8f0937f39dbd72251e9614b1561942d8","name":"postgresql-15.7","outputs":{"doc":"/nix/store/crrsp69hb9nwfn6qs30wddgm2lxa9l7n-postgresql-15.7-doc","lib":"/nix/store/z6wvd87iajac13vhdm1c0b4855aphzwy-postgresql-15.7-lib","man":"/nix/store/fw4snkvhwysx7vf3y92v9hqv8xwr54ja-postgresql-15.7-man","out":"/nix/store/ds495dsz1k14yyzmph7pxf37xjiqhnpk-postgresql-15.7"},"outputs_to_install":["out","man"],"pname":"postgresql","priority":5,"rev":"57610d2f8f0937f39dbd72251e9614b1561942d8","rev_count":633517,"rev_date":"2024-05-31T23:09:26Z","scrape_date":"2024-06-04T09:46:16Z","stabilities":["unstable"],"system":"x86_64-darwin","unfree":false,"version":"15.7"},{"attr_path":"postgresql","broken":false,"derivation":"/nix/store/bja9c66yx9z0497x5d4f305cd48ksrhk-postgresql-15.7.drv","description":"A powerful, open source object-relational database system","group":"toplevel","install_id":"postgresql","license":"PostgreSQL","locked_url":"https://github.com/flox/nixpkgs?rev=57610d2f8f0937f39dbd72251e9614b1561942d8","name":"postgresql-15.7","outputs":{"debug":"/nix/store/0wyfjxk51chyzvvzv06aklxdcgdi0256-postgresql-15.7-debug","doc":"/nix/store/aydd0lh52si89mxm9rz5xzv3zs6gx8bl-postgresql-15.7-doc","lib":"/nix/store/xb4h083j02mr2ix7pgj7iawxh2hk100l-postgresql-15.7-lib","man":"/nix/store/y2i038ql442nn3iqhx4lxsala5fkqpf4-postgresql-15.7-man","out":"/nix/store/07s64wxjzk6z1glwxvl3yq81vdn42k40-postgresql-15.7"},"outputs_to_install":["out","man"],"pname":"postgresql","priority":5,"rev":"57610d2f8f0937f39dbd72251e9614b1561942d8","rev_count":633517,"rev_date":"2024-05-31T23:09:26Z","scrape_date":"2024-06-04T09:46:16Z","stabilities":["unstable"],"system":"x86_64-linux","unfree":false,"version":"15.7"},{"attr_path":"ruby","broken":false,"derivation":"/nix/store/xrs05yfb61sbbv8y1wnd8gwkl26fgmmj-ruby-3.1.5.drv","description":"An object-oriented language for quick and easy programming","group":"toplevel","install_id":"ruby","license":"Ruby","locked_url":"https://github.com/flox/nixpkgs?rev=57610d2f8f0937f39dbd72251e9614b1561942d8","name":"ruby-3.1.5","outputs":{"devdoc":"/nix/store/jv9mb5halcm45zp2r1gbxl2j70wx9fpb-ruby-3.1.5-devdoc","out":"/nix/store/fz8msqf3bi9dsls3sbiw60gra11vq3ly-ruby-3.1.5"},"outputs_to_install":["out"],"pname":"ruby","priority":5,"rev":"57610d2f8f0937f39dbd72251e9614b1561942d8","rev_count":633517,"rev_date":"2024-05-31T23:09:26Z","scrape_date":"2024-06-04T09:46:16Z","stabilities":["unstable"],"system":"aarch64-darwin","unfree":false,"version":"3.1.5"},{"attr_path":"ruby","broken":false,"derivation":"/nix/store/zxfyvi7v0chxz9d0hvqydi4b7gwkz32a-ruby-3.1.5.drv","description":"An object-oriented language for quick and easy programming","group":"toplevel","install_id":"ruby","license":"Ruby","locked_url":"https://github.com/flox/nixpkgs?rev=57610d2f8f0937f39dbd72251e9614b1561942d8","name":"ruby-3.1.5","outputs":{"devdoc":"/nix/store/5lkxi4ak0r5sm5sashdww9ljfrqfna13-ruby-3.1.5-devdoc","out":"/nix/store/hwhgzqrag2bl3l3s1qcckyddiha39cdm-ruby-3.1.5"},"outputs_to_install":["out"],"pname":"ruby","priority":5,"rev":"57610d2f8f0937f39dbd72251e9614b1561942d8","rev_count":633517,"rev_date":"2024-05-31T23:09:26Z","scrape_date":"2024-06-04T09:46:16Z","stabilities":["unstable"],"system":"aarch64-linux","unfree":false,"version":"3.1.5"},{"attr_path":"ruby","broken":false,"derivation":"/nix/store/y9p3phq2v5wbky7b7myx3rb7hgjw3ap1-ruby-3.1.5.drv","description":"An object-oriented language for quick and easy programming","group":"toplevel","install_id":"ruby","license":"Ruby","locked_url":"https://github.com/flox/nixpkgs?rev=57610d2f8f0937f39dbd72251e9614b1561942d8","name":"ruby-3.1.5","outputs":{"devdoc":"/nix/store/r1nihdm38mq3fk6k682mm06ismyrdyw6-ruby-3.1.5-devdoc","out":"/nix/store/gd319r20qwsqg29ibw5zbk57w9vllxx2-ruby-3.1.5"},"outputs_to_install":["out"],"pname":"ruby","priority":5,"rev":"57610d2f8f0937f39dbd72251e9614b1561942d8","rev_count":633517,"rev_date":"2024-05-31T23:09:26Z","scrape_date":"2024-06-04T09:46:16Z","stabilities":["unstable"],"system":"x86_64-darwin","unfree":false,"version":"3.1.5"},{"attr_path":"ruby","broken":false,"derivation":"/nix/store/jz786zq9wfpdmfh5q5cawdpbfplghs9y-ruby-3.1.5.drv","description":"An object-oriented language for quick and easy programming","group":"toplevel","install_id":"ruby","license":"Ruby","locked_url":"https://github.com/flox/nixpkgs?rev=57610d2f8f0937f39dbd72251e9614b1561942d8","name":"ruby-3.1.5","outputs":{"devdoc":"/nix/store/q5gsd06fvsx43liny95w2jmh32cf3w4y-ruby-3.1.5-devdoc","out":"/nix/store/c4bdx4dja3h06xg1ksv3f51alp5a44li-ruby-3.1.5"},"outputs_to_install":["out"],"pname":"ruby","priority":5,"rev":"57610d2f8f0937f39dbd72251e9614b1561942d8","rev_count":633517,"rev_date":"2024-05-31T23:09:26Z","scrape_date":"2024-06-04T09:46:16Z","stabilities":["unstable"],"system":"x86_64-linux","unfree":false,"version":"3.1.5"}]}